
Microsoft Visual Studio Solution File, Format Version 12.00
# Visual Studio Version 17
VisualStudioVersion = 17.1.32328.378
MinimumVisualStudioVersion = 10.0.40219.1
Project("{FAE04EC0-301F-11D3-BF4B-00C04F79EFBC}") = "Auth", "Auth.csproj", "{5950C5ED-F35B-4749-86E6-CCE37BE79153}"
EndProject
Global
	GlobalSection(SolutionConfigurationPlatforms) = preSolution
		Debug|Any CPU = Debug|Any CPU
		Release|Any CPU = Release|Any CPU
	EndGlobalSection
	GlobalSection(ProjectConfigurationPlatforms) = postSolution
		{5950C5ED-F35B-4749-86E6-CCE37BE79153}.Debug|Any CPU.ActiveCfg = Debug|Any CPU
		{5950C5ED-F35B-4749-86E6-CCE37BE79153}.Debug|Any CPU.Build.0 = Debug|Any CPU
		{5950C5ED-F35B-4749-86E6-CCE37BE79153}.Release|Any CPU.ActiveCfg = Release|Any CPU
		{5950C5ED-F35B-4749-86E6-CCE37BE79153}.Release|Any CPU.Build.0 = Release|Any CPU
	EndGlobalSection
	GlobalSection(SolutionProperties) = preSolution
		HideSolutionNode = FALSE
	EndGlobalSection
	GlobalSection(ExtensibilityGlobals) = postSolution
		SolutionGuid = {7C9A2793-0E5B-4CA4-B830-A7D24549F831}
	EndGlobalSection
EndGlobal
